// !$*UTF8*$!
{
	archiveVersion = 1;
	classes = {
	};
	objectVersion = 46;
	objects = {

/* Begin PBXBuildFile section */
		406628846C4FEC313D37C8F1 /* libPods-TDDTests.a in Frameworks */ = {isa = PBXBuildFile; fileRef = B10344A9FEAEE651792F54AC /* libPods-TDDTests.a */; };
		52901D0C1BF0496900D81068 /* main.m in Sources */ = {isa = PBXBuildFile; fileRef = 52901D0B1BF0496900D81068 /* main.m */; };
		52901D0F1BF0496900D81068 /* AppDelegate.m in Sources */ = {isa = PBXBuildFile; fileRef = 52901D0E1BF0496900D81068 /* AppDelegate.m */; };
		52901D121BF0496900D81068 /* ViewController.m in Sources */ = {isa = PBXBuildFile; fileRef = 52901D111BF0496900D81068 /* ViewController.m */; };
		52901D151BF0496900D81068 /* Main.storyboard in Resources */ = {isa = PBXBuildFile; fileRef = 52901D131BF0496900D81068 /* Main.storyboard */; };
		52901D171BF0496900D81068 /* Assets.xcassets in Resources */ = {isa = PBXBuildFile; fileRef = 52901D161BF0496900D81068 /* Assets.xcassets */; };
		52901D1A1BF0496900D81068 /* LaunchScreen.storyboard in Resources */ = {isa = PBXBuildFile; fileRef = 52901D181BF0496900D81068 /* LaunchScreen.storyboard */; };
		52901D251BF0496900D81068 /* TDDTests.m in Sources */ = {isa = PBXBuildFile; fileRef = 52901D241BF0496900D81068 /* TDDTests.m */; };
		52901D301BF0496900D81068 /* TDDUITests.m in Sources */ = {isa = PBXBuildFile; fileRef = 52901D2F1BF0496900D81068 /* TDDUITests.m */; };
		52901D3E1BF079A100D81068 /* stackTests.m in Sources */ = {isa = PBXBuildFile; fileRef = 52901D3D1BF079A100D81068 /* stackTests.m */; };
		52901D401BF07A6500D81068 /* myStackTests.m in Sources */ = {isa = PBXBuildFile; fileRef = 52901D3F1BF07A6500D81068 /* myStackTests.m */; };
		52901D4A1BF07F0800D81068 /* myStack.m in Sources */ = {isa = PBXBuildFile; fileRef = 52901D491BF07F0800D81068 /* myStack.m */; };
/* End PBXBuildFile section */

/* Begin PBXContainerItemProxy section */
		52901D211BF0496900D81068 /* PBXContainerItemProxy */ = {
			isa = PBXContainerItemProxy;
			containerPortal = 52901CFF1BF0496900D81068 /* Project object */;
			proxyType = 1;
			remoteGlobalIDString = 52901D061BF0496900D81068;
			remoteInfo = TDD;
		};
		52901D2C1BF0496900D81068 /* PBXContainerItemProxy */ = {
			isa = PBXContainerItemProxy;
			containerPortal = 52901CFF1BF0496900D81068 /* Project object */;
			proxyType = 1;
			remoteGlobalIDString = 52901D061BF0496900D81068;
			remoteInfo = TDD;
		};
/* End PBXContainerItemProxy section */

/* Begin PBXFileReference section */
		52901D071BF0496900D81068 /* TDD.app */ = {isa = PBXFileReference; explicitFileType = wrapper.application; includeInIndex = 0; path = TDD.app; sourceTree = BUILT_PRODUCTS_DIR; };
		52901D0B1BF0496900D81068 /* main.m */ = {isa = PBXFileReference; lastKnownFileType = sourcecode.c.objc; path = main.m; sourceTree = "<group>"; };
		52901D0D1BF0496900D81068 /* AppDelegate.h */ = {isa = PBXFileReference; lastKnownFileType = sourcecode.c.h; path = AppDelegate.h; sourceTree = "<group>"; };
		52901D0E1BF0496900D81068 /* AppDelegate.m */ = {isa = PBXFileReference; lastKnownFileType = sourcecode.c.objc; path = AppDelegate.m; sourceTree = "<group>"; };
		52901D101BF0496900D81068 /* ViewController.h */ = {isa = PBXFileReference; lastKnownFileType = sourcecode.c.h; path = ViewController.h; sourceTree = "<group>"; };
		52901D111BF0496900D81068 /* ViewController.m */ = {isa = PBXFileReference; lastKnownFileType = sourcecode.c.objc; path = ViewController.m; sourceTree = "<group>"; };
		52901D141BF0496900D81068 /* Base */ = {isa = PBXFileReference; lastKnownFileType = file.storyboard; name = Base; path = Base.lproj/Main.storyboard; sourceTree = "<group>"; };
		52901D161BF0496900D81068 /* Assets.xcassets */ = {isa = PBXFileReference; lastKnownFileType = folder.assetcatalog; path = Assets.xcassets; sourceTree = "<group>"; };
		52901D191BF0496900D81068 /* Base */ = {isa = PBXFileReference; lastKnownFileType = file.storyboard; name = Base; path = Base.lproj/LaunchScreen.storyboard; sourceTree = "<group>"; };
		52901D1B1BF0496900D81068 /* Info.plist */ = {isa = PBXFileReference; lastKnownFileType = text.plist.xml; path = Info.plist; sourceTree = "<group>"; };
		52901D201BF0496900D81068 /* TDDTests.xctest */ = {isa = PBXFileReference; explicitFileType = wrapper.cfbundle; includeInIndex = 0; path = TDDTests.xctest; sourceTree = BUILT_PRODUCTS_DIR; };
		52901D241BF0496900D81068 /* TDDTests.m */ = {isa = PBXFileReference; lastKnownFileType = sourcecode.c.objc; path = TDDTests.m; sourceTree = "<group>"; };
		52901D261BF0496900D81068 /* Info.plist */ = {isa = PBXFileReference; lastKnownFileType = text.plist.xml; path = Info.plist; sourceTree = "<group>"; };
		52901D2B1BF0496900D81068 /* TDDUITests.xctest */ = {isa = PBXFileReference; explicitFileType = wrapper.cfbundle; includeInIndex = 0; path = TDDUITests.xctest; sourceTree = BUILT_PRODUCTS_DIR; };
		52901D2F1BF0496900D81068 /* TDDUITests.m */ = {isa = PBXFileReference; lastKnownFileType = sourcecode.c.objc; path = TDDUITests.m; sourceTree = "<group>"; };
		52901D311BF0496900D81068 /* Info.plist */ = {isa = PBXFileReference; lastKnownFileType = text.plist.xml; path = Info.plist; sourceTree = "<group>"; };
		52901D3D1BF079A100D81068 /* stackTests.m */ = {isa = PBXFileReference; fileEncoding = 4; lastKnownFileType = sourcecode.c.objc; path = stackTests.m; sourceTree = "<group>"; };
		52901D3F1BF07A6500D81068 /* myStackTests.m */ = {isa = PBXFileReference; fileEncoding = 4; lastKnownFileType = sourcecode.c.objc; path = myStackTests.m; sourceTree = "<group>"; };
		52901D481BF07F0800D81068 /* myStack.h */ = {isa = PBXFileReference; fileEncoding = 4; lastKnownFileType = sourcecode.c.h; path = myStack.h; sourceTree = "<group>"; };
		52901D491BF07F0800D81068 /* myStack.m */ = {isa = PBXFileReference; fileEncoding = 4; lastKnownFileType = sourcecode.c.objc; path = myStack.m; sourceTree = "<group>"; };
		5AE4DE7D5DB6FB2DCB1902D4 /* Pods-TDDTests.release.xcconfig */ = {isa = PBXFileReference; includeInIndex = 1; lastKnownFileType = text.xcconfig; name = "Pods-TDDTests.release.xcconfig"; path = "Pods/Target Support Files/Pods-TDDTests/Pods-TDDTests.release.xcconfig"; sourceTree = "<group>"; };
		B10344A9FEAEE651792F54AC /* libPods-TDDTests.a */ = {isa = PBXFileReference; explicitFileType = archive.ar; includeInIndex = 0; path = "libPods-TDDTests.a"; sourceTree = BUILT_PRODUCTS_DIR; };
		B2682FB717C345C3CFE7609A /* Pods-TDDTests.debug.xcconfig */ = {isa = PBXFileReference; includeInIndex = 1; lastKnownFileType = text.xcconfig; name = "Pods-TDDTests.debug.xcconfig"; path = "Pods/Target Support Files/Pods-TDDTests/Pods-TDDTests.debug.xcconfig"; sourceTree = "<group>"; };
/* End PBXFileReference section */

/* Begin PBXFrameworksBuildPhase section */
		52901D041BF0496900D81068 /* Frameworks */ = {
			isa = PBXFrameworksBuildPhase;
			buildActionMask = 2147483647;
			files = (
			);
			runOnlyForDeploymentPostprocessing = 0;
		};
		52901D1D1BF0496900D81068 /* Frameworks */ = {
			isa = PBXFrameworksBuildPhase;
			buildActionMask = 2147483647;
			files = (
				406628846C4FEC313D37C8F1 /* libPods-TDDTests.a in Frameworks */,
			);
			runOnlyForDeploymentPostprocessing = 0;
		};
		52901D281BF0496900D81068 /* Frameworks */ = {
			isa = PBXFrameworksBuildPhase;
			buildActionMask = 2147483647;
			files = (
			);
			runOnlyForDeploymentPostprocessing = 0;
		};
/* End PBXFrameworksBuildPhase section */

/* Begin PBXGroup section */
		2CA2E3F1CBEFCC5910602709 /* Frameworks */ = {
			isa = PBXGroup;
			children = (
				B10344A9FEAEE651792F54AC /* libPods-TDDTests.a */,
			);
			name = Frameworks;
			sourceTree = "<group>";
		};
		52901CFE1BF0496900D81068 = {
			isa = PBXGroup;
			children = (
				52901D091BF0496900D81068 /* TDD */,
				52901D231BF0496900D81068 /* TDDTests */,
				52901D2E1BF0496900D81068 /* TDDUITests */,
				52901D081BF0496900D81068 /* Products */,
				A12998ED7C1C29F5D6D11EE4 /* Pods */,
				2CA2E3F1CBEFCC5910602709 /* Frameworks */,
			);
			sourceTree = "<group>";
		};
		52901D081BF0496900D81068 /* Products */ = {
			isa = PBXGroup;
			children = (
				52901D071BF0496900D81068 /* TDD.app */,
				52901D201BF0496900D81068 /* TDDTests.xctest */,
				52901D2B1BF0496900D81068 /* TDDUITests.xctest */,
			);
			name = Products;
			sourceTree = "<group>";
		};
		52901D091BF0496900D81068 /* TDD */ = {
			isa = PBXGroup;
			children = (
				52901D481BF07F0800D81068 /* myStack.h */,
				52901D491BF07F0800D81068 /* myStack.m */,
				52901D0D1BF0496900D81068 /* AppDelegate.h */,
				52901D0E1BF0496900D81068 /* AppDelegate.m */,
				52901D101BF0496900D81068 /* ViewController.h */,
				52901D111BF0496900D81068 /* ViewController.m */,
				52901D131BF0496900D81068 /* Main.storyboard */,
				52901D161BF0496900D81068 /* Assets.xcassets */,
				52901D181BF0496900D81068 /* LaunchScreen.storyboard */,
				52901D1B1BF0496900D81068 /* Info.plist */,
				52901D0A1BF0496900D81068 /* Supporting Files */,
			);
			path = TDD;
			sourceTree = "<group>";
		};
		52901D0A1BF0496900D81068 /* Supporting Files */ = {
			isa = PBXGroup;
			children = (
				52901D0B1BF0496900D81068 /* main.m */,
			);
			name = "Supporting Files";
			sourceTree = "<group>";
		};
		52901D231BF0496900D81068 /* TDDTests */ = {
			isa = PBXGroup;
			children = (
				52901D3F1BF07A6500D81068 /* myStackTests.m */,
				52901D241BF0496900D81068 /* TDDTests.m */,
				52901D3D1BF079A100D81068 /* stackTests.m */,
				52901D261BF0496900D81068 /* Info.plist */,
			);
			path = TDDTests;
			sourceTree = "<group>";
		};
		52901D2E1BF0496900D81068 /* TDDUITests */ = {
			isa = PBXGroup;
			children = (
				52901D2F1BF0496900D81068 /* TDDUITests.m */,
				52901D311BF0496900D81068 /* Info.plist */,
			);
			path = TDDUITests;
			sourceTree = "<group>";
		};
		A12998ED7C1C29F5D6D11EE4 /* Pods */ = {
			isa = PBXGroup;
			children = (
				B2682FB717C345C3CFE7609A /* Pods-TDDTests.debug.xcconfig */,
				5AE4DE7D5DB6FB2DCB1902D4 /* Pods-TDDTests.release.xcconfig */,
			);
			name = Pods;
			sourceTree = "<group>";
		};
/* End PBXGroup section */

/* Begin PBXNativeTarget section */
		52901D061BF0496900D81068 /* TDD */ = {
			isa = PBXNativeTarget;
			buildConfigurationList = 52901D341BF0496900D81068 /* Build configuration list for PBXNativeTarget "TDD" */;
			buildPhases = (
				52901D031BF0496900D81068 /* Sources */,
				52901D041BF0496900D81068 /* Frameworks */,
				52901D051BF0496900D81068 /* Resources */,
			);
			buildRules = (
			);
			dependencies = (
			);
			name = TDD;
			productName = TDD;
			productReference = 52901D071BF0496900D81068 /* TDD.app */;
			productType = "com.apple.product-type.application";
		};
		52901D1F1BF0496900D81068 /* TDDTests */ = {
			isa = PBXNativeTarget;
			buildConfigurationList = 52901D371BF0496900D81068 /* Build configuration list for PBXNativeTarget "TDDTests" */;
			buildPhases = (
				3794DCE5AA5FB3027CE9AEB4 /* Check Pods Manifest.lock */,
				52901D1C1BF0496900D81068 /* Sources */,
				52901D1D1BF0496900D81068 /* Frameworks */,
				52901D1E1BF0496900D81068 /* Resources */,
				5A90BA7121D40DDD864FD58A /* Embed Pods Frameworks */,
				EF52E3D2490A23E7B5BE1AB6 /* Copy Pods Resources */,
			);
			buildRules = (
			);
			dependencies = (
				52901D221BF0496900D81068 /* PBXTargetDependency */,
			);
			name = TDDTests;
			productName = TDDTests;
			productReference = 52901D201BF0496900D81068 /* TDDTests.xctest */;
			productType = "com.apple.product-type.bundle.unit-test";
		};
		52901D2A1BF0496900D81068 /* TDDUITests */ = {
			isa = PBXNativeTarget;
			buildConfigurationList = 52901D3A1BF0496900D81068 /* Build configuration list for PBXNativeTarget "TDDUITests" */;
			buildPhases = (
				52901D271BF0496900D81068 /* Sources */,
				52901D281BF0496900D81068 /* Frameworks */,
				52901D291BF0496900D81068 /* Resources */,
			);
			buildRules = (
			);
			dependencies = (
				52901D2D1BF0496900D81068 /* PBXTargetDependency */,
			);
			name = TDDUITests;
			productName = TDDUITests;
			productReference = 52901D2B1BF0496900D81068 /* TDDUITests.xctest */;
			productType = "com.apple.product-type.bundle.ui-testing";
		};
/* End PBXNativeTarget section */

/* Begin PBXProject section */
		52901CFF1BF0496900D81068 /* Project object */ = {
			isa = PBXProject;
			attributes = {
				LastUpgradeCheck = 0710;
				ORGANIZATIONNAME = test;
				TargetAttributes = {
					52901D061BF0496900D81068 = {
						CreatedOnToolsVersion = 7.1;
					};
					52901D1F1BF0496900D81068 = {
						CreatedOnToolsVersion = 7.1;
						TestTargetID = 52901D061BF0496900D81068;
					};
					52901D2A1BF0496900D81068 = {
						CreatedOnToolsVersion = 7.1;
						TestTargetID = 52901D061BF0496900D81068;
					};
				};
			};
			buildConfigurationList = 52901D021BF0496900D81068 /* Build configuration list for PBXProject "TDD" */;
			compatibilityVersion = "Xcode 3.2";
			developmentRegion = English;
			hasScannedForEncodings = 0;
			knownRegions = (
				en,
				Base,
			);
			mainGroup = 52901CFE1BF0496900D81068;
			productRefGroup = 52901D081BF0496900D81068 /* Products */;
			projectDirPath = "";
			projectRoot = "";
			targets = (
				52901D061BF0496900D81068 /* TDD */,
				52901D1F1BF0496900D81068 /* TDDTests */,
				52901D2A1BF0496900D81068 /* TDDUITests */,
			);
		};
/* End PBXProject section */

/* Begin PBXResourcesBuildPhase section */
		52901D051BF0496900D81068 /* Resources */ = {
			isa = PBXResourcesBuildPhase;
			buildActionMask = 2147483647;
			files = (
				52901D1A1BF0496900D81068 /* LaunchScreen.storyboard in Resources */,
				52901D171BF0496900D81068 /* Assets.xcassets in Resources */,
				52901D151BF0496900D81068 /* Main.storyboard in Resources */,
			);
			runOnlyForDeploymentPostprocessing = 0;
		};
		52901D1E1BF0496900D81068 /* Resources */ = {
			isa = PBXResourcesBuildPhase;
			buildActionMask = 2147483647;
			files = (
			);
			runOnlyForDeploymentPostprocessing = 0;
		};
		52901D291BF0496900D81068 /* Resources */ = {
			isa = PBXResourcesBuildPhase;
			buildActionMask = 2147483647;
			files = (
			);
			runOnlyForDeploymentPostprocessing = 0;
		};
/* End PBXResourcesBuildPhase section */

/* Begin PBXShellScriptBuildPhase section */
		3794DCE5AA5FB3027CE9AEB4 /* Check Pods Manifest.lock */ = {
			isa = PBXShellScriptBuildPhase;
			buildActionMask = 2147483647;
			files = (
			);
			inputPaths = (
			);
			name = "Check Pods Manifest.lock";
			outputPaths = (
			);
			runOnlyForDeploymentPostprocessing = 0;
			shellPath = /bin/sh;
			shellScript = "diff \"${PODS_ROOT}/../Podfile.lock\" \"${PODS_ROOT}/Manifest.lock\" > /dev/null\nif [[ $? != 0 ]] ; then\n    cat << EOM\nerror: The sandbox is not in sync with the Podfile.lock. Run 'pod install' or update your CocoaPods installation.\nEOM\n    exit 1\nfi\n";
			showEnvVarsInLog = 0;
		};
		5A90BA7121D40DDD864FD58A /* Embed Pods Frameworks */ = {
			isa = PBXShellScriptBuildPhase;
			buildActionMask = 2147483647;
			files = (
			);
			inputPaths = (
			);
			name = "Embed Pods Frameworks";
			outputPaths = (
			);
			runOnlyForDeploymentPostprocessing = 0;
			shellPath = /bin/sh;
			shellScript = "\"${SRCROOT}/Pods/Target Support Files/Pods-TDDTests/Pods-TDDTests-frameworks.sh\"\n";
			showEnvVarsInLog = 0;
		};
		EF52E3D2490A23E7B5BE1AB6 /* Copy Pods Resources */ = {
			isa = PBXShellScriptBuildPhase;
			buildActionMask = 2147483647;
			files = (
			);
			inputPaths = (
			);
			name = "Copy Pods Resources";
			outputPaths = (
			);
			runOnlyForDeploymentPostprocessing = 0;
			shellPath = /bin/sh;
			shellScript = "\"${SRCROOT}/Pods/Target Support Files/Pods-TDDTests/Pods-TDDTests-resources.sh\"\n";
			showEnvVarsInLog = 0;
		};
/* End PBXShellScriptBuildPhase section */

/* Begin PBXSourcesBuildPhase section */
		52901D031BF0496900D81068 /* Sources */ = {
			isa = PBXSourcesBuildPhase;
			buildActionMask = 2147483647;
			files = (
				52901D4A1BF07F0800D81068 /* myStack.m in Sources */,
				52901D121BF0496900D81068 /* ViewController.m in Sources */,
				52901D0F1BF0496900D81068 /* AppDelegate.m in Sources */,
				52901D0C1BF0496900D81068 /* main.m in Sources */,
			);
			runOnlyForDeploymentPostprocessing = 0;
		};
		52901D1C1BF0496900D81068 /* Sources */ = {
			isa = PBXSourcesBuildPhase;
			buildActionMask = 2147483647;
			files = (
				52901D401BF07A6500D81068 /* myStackTests.m in Sources */,
				52901D3E1BF079A100D81068 /* stackTests.m in Sources */,
				52901D251BF0496900D81068 /* TDDTests.m in Sources */,
			);
			runOnlyForDeploymentPostprocessing = 0;
		};
		52901D271BF0496900D81068 /* Sources */ = {
			isa = PBXSourcesBuildPhase;
			buildActionMask = 2147483647;
			files = (
				52901D301BF0496900D81068 /* TDDUITests.m in Sources */,
			);
			runOnlyForDeploymentPostprocessing = 0;
		};
/* End PBXSourcesBuildPhase section */

/* Begin PBXTargetDependency section */
		52901D221BF0496900D81068 /* PBXTargetDependency */ = {
			isa = PBXTargetDependency;
			target = 52901D061BF0496900D81068 /* TDD */;
			targetProxy = 52901D211BF0496900D81068 /* PBXContainerItemProxy */;
		};
		52901D2D1BF0496900D81068 /* PBXTargetDependency */ = {
			isa = PBXTargetDependency;
			target = 52901D061BF0496900D81068 /* TDD */;
			targetProxy = 52901D2C1BF0496900D81068 /* PBXContainerItemProxy */;
		};
/* End PBXTargetDependency section */

/* Begin PBXVariantGroup section */
		52901D131BF0496900D81068 /* Main.storyboard */ = {
			isa = PBXVariantGroup;
			children = (
				52901D141BF0496900D81068 /* Base */,
			);
			name = Main.storyboard;
			sourceTree = "<group>";
		};
		52901D181BF0496900D81068 /* LaunchScreen.storyboard */ = {
			isa = PBXVariantGroup;
			children = (
				52901D191BF0496900D81068 /* Base */,
			);
			name = LaunchScreen.storyboard;
			sourceTree = "<group>";
		};
/* End PBXVariantGroup section */

/* Begin XCBuildConfiguration section */
		52901D321BF0496900D81068 /* Debug */ = {
			isa = XCBuildConfiguration;
			buildSettings = {
				ALWAYS_SEARCH_USER_PATHS = NO;
				CLANG_CXX_LANGUAGE_STANDARD = "gnu++0x";
				CLANG_CXX_LIBRARY = "libc++";
				CLANG_ENABLE_MODULES = YES;
				CLANG_ENABLE_OBJC_ARC = YES;
				CLANG_WARN_BOOL_CONVERSION = YES;
				CLANG_WARN_CONSTANT_CONVERSION = YES;
				CLANG_WARN_DIRECT_OBJC_ISA_USAGE = YES_ERROR;
				CLANG_WARN_EMPTY_BODY = YES;
				CLANG_WARN_ENUM_CONVERSION = YES;
				CLANG_WARN_INT_CONVERSION = YES;
				CLANG_WARN_OBJC_ROOT_CLASS = YES_ERROR;
				CLANG_WARN_UNREACHABLE_CODE = YES;
				CLANG_WARN__DUPLICATE_METHOD_MATCH = YES;
				"CODE_SIGN_IDENTITY[sdk=iphoneos*]" = "iPhone Developer";
				COPY_PHASE_STRIP = NO;
				DEBUG_INFORMATION_FORMAT = dwarf;
				ENABLE_STRICT_OBJC_MSGSEND = YES;
				ENABLE_TESTABILITY = YES;
				GCC_C_LANGUAGE_STANDARD = gnu99;
				GCC_DYNAMIC_NO_PIC = NO;
				GCC_NO_COMMON_BLOCKS = YES;
				GCC_OPTIMIZATION_LEVEL = 0;
				GCC_PREPROCESSOR_DEFINITIONS = (
					"DEBUG=1",
					"$(inherited)",
				);
				GCC_WARN_64_TO_32_BIT_CONVERSION = YES;
				GCC_WARN_ABOUT_RETURN_TYPE = YES_ERROR;
				GCC_WARN_UNDECLARED_SELECTOR = YES;
				GCC_WARN_UNINITIALIZED_AUTOS = YES_AGGRESSIVE;
				GCC_WARN_UNUSED_FUNCTION = YES;
				GCC_WARN_UNUSED_VARIABLE = YES;
				IPHONEOS_DEPLOYMENT_TARGET = 9.1;
				MTL_ENABLE_DEBUG_INFO = YES;
				ONLY_ACTIVE_ARCH = YES;
				SDKROOT = iphoneos;
			};
			name = Debug;
		};
		52901D331BF0496900D81068 /* Release */ = {
			isa = XCBuildConfiguration;
			buildSettings = {
				ALWAYS_SEARCH_USER_PATHS = NO;
				CLANG_CXX_LANGUAGE_STANDARD = "gnu++0x";
				CLANG_CXX_LIBRARY = "libc++";
				CLANG_ENABLE_MODULES = YES;
				CLANG_ENABLE_OBJC_ARC = YES;
				CLANG_WARN_BOOL_CONVERSION = YES;
				CLANG_WARN_CONSTANT_CONVERSION = YES;
				CLANG_WARN_DIRECT_OBJC_ISA_USAGE = YES_ERROR;
				CLANG_WARN_EMPTY_BODY = YES;
				CLANG_WARN_ENUM_CONVERSION = YES;
				CLANG_WARN_INT_CONVERSION = YES;
				CLANG_WARN_OBJC_ROOT_CLASS = YES_ERROR;
				CLANG_WARN_UNREACHABLE_CODE = YES;
				CLANG_WARN__DUPLICATE_METHOD_MATCH = YES;
				"CODE_SIGN_IDENTITY[sdk=iphoneos*]" = "iPhone Developer";
				COPY_PHASE_STRIP = NO;
				DEBUG_INFORMATION_FORMAT = "dwarf-with-dsym";
				ENABLE_NS_ASSERTIONS = NO;
				ENABLE_STRICT_OBJC_MSGSEND = YES;
				GCC_C_LANGUAGE_STANDARD = gnu99;
				GCC_NO_COMMON_BLOCKS = YES;
				GCC_WARN_64_TO_32_BIT_CONVERSION = YES;
				GCC_WARN_ABOUT_RETURN_TYPE = YES_ERROR;
				GCC_WARN_UNDECLARED_SELECTOR = YES;
				GCC_WARN_UNINITIALIZED_AUTOS = YES_AGGRESSIVE;
				GCC_WARN_UNUSED_FUNCTION = YES;
				GCC_WARN_UNUSED_VARIABLE = YES;
				IPHONEOS_DEPLOYMENT_TARGET = 9.1;
				MTL_ENABLE_DEBUG_INFO = NO;
				SDKROOT = iphoneos;
				VALIDATE_PRODUCT = YES;
			};
			name = Release;
		};
		52901D351BF0496900D81068 /* Debug */ = {
			isa = XCBuildConfiguration;
			buildSettings = {
				ASSETCATALOG_COMPILER_APPICON_NAME = AppIcon;
				INFOPLIST_FILE = TDD/Info.plist;
				LD_RUNPATH_SEARCH_PATHS = "$(inherited) @executable_path/Frameworks";
				PRODUCT_BUNDLE_IDENTIFIER = test.TDD;
				PRODUCT_NAME = "$(TARGET_NAME)";
			};
			name = Debug;
		};
		52901D361BF0496900D81068 /* Release */ = {
			isa = XCBuildConfiguration;
			buildSettings = {
				ASSETCATALOG_COMPILER_APPICON_NAME = AppIcon;
				INFOPLIST_FILE = TDD/Info.plist;
				LD_RUNPATH_SEARCH_PATHS = "$(inherited) @executable_path/Frameworks";
				PRODUCT_BUNDLE_IDENTIFIER = test.TDD;
				PRODUCT_NAME = "$(TARGET_NAME)";
			};
			name = Release;
		};
		52901D381BF0496900D81068 /* Debug */ = {
			isa = XCBuildConfiguration;
			baseConfigurationReference = B2682FB717C345C3CFE7609A /* Pods-TDDTests.debug.xcconfig */;
			buildSettings = {
				BUNDLE_LOADER = "$(TEST_HOST)";
				INFOPLIST_FILE = TDDTests/Info.plist;
				LD_RUNPATH_SEARCH_PATHS = "$(inherited) @executable_path/Frameworks @loader_path/Frameworks";
				PRODUCT_BUNDLE_IDENTIFIER = test.TDDTests;
				PRODUCT_NAME = "$(TARGET_NAME)";
				TEST_HOST = "$(BUILT_PRODUCTS_DIR)/TDD.app/TDD";
			};
			name = Debug;
		};
		52901D391BF0496900D81068 /* Release */ = {
			isa = XCBuildConfiguration;
			baseConfigurationReference = 5AE4DE7D5DB6FB2DCB1902D4 /* Pods-TDDTests.release.xcconfig */;
			buildSettings = {
				BUNDLE_LOADER = "$(TEST_HOST)";
				INFOPLIST_FILE = TDDTests/Info.plist;
				LD_RUNPATH_SEARCH_PATHS = "$(inherited) @executable_path/Frameworks @loader_path/Frameworks";
				PRODUCT_BUNDLE_IDENTIFIER = test.TDDTests;
				PRODUCT_NAME = "$(TARGET_NAME)";
				TEST_HOST = "$(BUILT_PRODUCTS_DIR)/TDD.app/TDD";
			};
			name = Release;
		};
		52901D3B1BF0496900D81068 /* Debug */ = {
			isa = XCBuildConfiguration;
			buildSettings = {
				INFOPLIST_FILE = TDDUITests/Info.plist;
				LD_RUNPATH_SEARCH_PATHS = "$(inherited) @executable_path/Frameworks @loader_path/Frameworks";
				PRODUCT_BUNDLE_IDENTIFIER = test.TDDUITests;
				PRODUCT_NAME = "$(TARGET_NAME)";
				TEST_TARGET_NAME = TDD;
				USES_XCTRUNNER = YES;
			};
			name = Debug;
		};
		52901D3C1BF0496900D81068 /* Release */ = {
			isa = XCBuildConfiguration;
			buildSettings = {
				INFOPLIST_FILE = TDDUITests/Info.plist;
				LD_RUNPATH_SEARCH_PATHS = "$(inherited) @executable_path/Frameworks @loader_path/Frameworks";
				PRODUCT_BUNDLE_IDENTIFIER = test.TDDUITests;
				PRODUCT_NAME = "$(TARGET_NAME)";
				TEST_TARGET_NAME = TDD;
				USES_XCTRUNNER = YES;
			};
			name = Release;
		};
/* End XCBuildConfiguration section */

/* Begin XCConfigurationList section */
		52901D021BF0496900D81068 /* Build configuration list for PBXProject "TDD" */ = {
			isa = XCConfigurationList;
			buildConfigurations = (
				52901D321BF0496900D81068 /* Debug */,
				52901D331BF0496900D81068 /* Release */,
			);
			defaultConfigurationIsVisible = 0;
			defaultConfigurationName = Release;
		};
		52901D341BF0496900D81068 /* Build configuration list for PBXNativeTarget "TDD" */ = {
			isa = XCConfigurationList;
			buildConfigurations = (
				52901D351BF0496900D81068 /* Debug */,
				52901D361BF0496900D81068 /* Release */,
			);
			defaultConfigurationIsVisible = 0;
			defaultConfigurationName = Release;
		};
		52901D371BF0496900D81068 /* Build configuration list for PBXNativeTarget "TDDTests" */ = {
			isa = XCConfigurationList;
			buildConfigurations = (
				52901D381BF0496900D81068 /* Debug */,
				52901D391BF0496900D81068 /* Release */,
			);
			defaultConfigurationIsVisible = 0;
			defaultConfigurationName = Release;
		};
		52901D3A1BF0496900D81068 /* Build configuration list for PBXNativeTarget "TDDUITests" */ = {
			isa = XCConfigurationList;
			buildConfigurations = (
				52901D3B1BF0496900D81068 /* Debug */,
				52901D3C1BF0496900D81068 /* Release */,
			);
			defaultConfigurationIsVisible = 0;
			defaultConfigurationName = Release;
		};
/* End XCConfigurationList section */
	};
	rootObject = 52901CFF1BF0496900D81068 /* Project object */;
}
